
Microsoft Visual Studio Solution File, Format Version 12.00
# Visual Studio Version 17
VisualStudioVersion = 17.4.33213.308
MinimumVisualStudioVersion = 10.0.40219.1
Project("{9A19103F-16F7-4668-BE54-9A1E7A4F7556}") = "FluffRest", "FluffRest\FluffRest.csproj", "{8DF927D1-C3BA-43BF-BF52-8D8B4D034D2D}"
EndProject
Project("{FAE04EC0-301F-11D3-BF4B-00C04F79EFBC}") = "FluffRestTest", "FluffRestTest\FluffRestTest.csproj", "{5C3BAA5F-F5D0-4A95-BAF2-BB6B48A638AA}"
EndProject
Global
	GlobalSection(SolutionConfigurationPlatforms) = preSolution
		Debug|Any CPU = Debug|Any CPU
		Release|Any CPU = Release|Any CPU
	EndGlobalSection
	GlobalSection(ProjectConfigurationPlatforms) = postSolution
		{8DF927D1-C3BA-43BF-BF52-8D8B4D034D2D}.Debug|Any CPU.ActiveCfg = Debug|Any CPU
		{8DF927D1-C3BA-43BF-BF52-8D8B4D034D2D}.Debug|Any CPU.Build.0 = Debug|Any CPU
		{8DF927D1-C3BA-43BF-BF52-8D8B4D034D2D}.Release|Any CPU.ActiveCfg = Release|Any CPU
		{8DF927D1-C3BA-43BF-BF52-8D8B4D034D2D}.Release|Any CPU.Build.0 = Release|Any CPU
		{5C3BAA5F-F5D0-4A95-BAF2-BB6B48A638AA}.Debug|Any CPU.ActiveCfg = Debug|Any CPU
		{5C3BAA5F-F5D0-4A95-BAF2-BB6B48A638AA}.Debug|Any CPU.Build.0 = Debug|Any CPU
		{5C3BAA5F-F5D0-4A95-BAF2-BB6B48A638AA}.Release|Any CPU.ActiveCfg = Release|Any CPU
		{5C3BAA5F-F5D0-4A95-BAF2-BB6B48A638AA}.Release|Any CPU.Build.0 = Release|Any CPU
	EndGlobalSection
	GlobalSection(SolutionProperties) = preSolution
		HideSolutionNode = FALSE
	EndGlobalSection
	GlobalSection(ExtensibilityGlobals) = postSolution
		SolutionGuid = {E0B68772-4E15-4949-B9E0-34123CAE4230}
	EndGlobalSection
EndGlobal
